// !$*UTF8*$!
{
	archiveVersion = 1;
	classes = {
	};
	objectVersion = 46;
	objects = {

/* Begin PBXBuildFile section */
		A608330A1B7F310F00AD382F /* slider2-runtrack.jpg in Resources */ = {isa = PBXBuildFile; fileRef = A60833031B7F310F00AD382F /* slider2-runtrack.jpg */; };
		A608330B1B7F310F00AD382F /* slider2-screen-bg.jpg in Resources */ = {isa = PBXBuildFile; fileRef = A60833041B7F310F00AD382F /* slider2-screen-bg.jpg */; };
		A608330D1B7F310F00AD382F /* slider2-timerun.jpg in Resources */ = {isa = PBXBuildFile; fileRef = A60833061B7F310F00AD382F /* slider2-timerun.jpg */; };
		A6252CDF1B8A0B6800656DAC /* slider2-caption-maxtrack.png in Resources */ = {isa = PBXBuildFile; fileRef = A6252CDE1B8A0B6800656DAC /* slider2-caption-maxtrack.png */; };
		A6252CE11B8A0BA600656DAC /* slider2-maxtrack.png in Resources */ = {isa = PBXBuildFile; fileRef = A6252CE01B8A0BA600656DAC /* slider2-maxtrack.png */; };
		A699F0141B8985FB00F52B56 /* slider2-thumb-value-bg.png in Resources */ = {isa = PBXBuildFile; fileRef = A699F0121B8985FB00F52B56 /* slider2-thumb-value-bg.png */; };
		A699F0151B8985FB00F52B56 /* slider2-thumb.png in Resources */ = {isa = PBXBuildFile; fileRef = A699F0131B8985FB00F52B56 /* slider2-thumb.png */; };
		A699F0171B898C6C00F52B56 /* slider2-mintrack.png in Resources */ = {isa = PBXBuildFile; fileRef = A699F0161B898C6C00F52B56 /* slider2-mintrack.png */; };
		A6C750CC1B8976D000840B82 /* Slider2.m in Sources */ = {isa = PBXBuildFile; fileRef = A6C750CA1B8976D000840B82 /* Slider2.m */; };
		A6C750CD1B8976D000840B82 /* Slider2.xib in Resources */ = {isa = PBXBuildFile; fileRef = A6C750CB1B8976D000840B82 /* Slider2.xib */; };
		A6C750D11B8977EA00840B82 /* Slider1.m in Sources */ = {isa = PBXBuildFile; fileRef = A6C750CF1B8977EA00840B82 /* Slider1.m */; };
		A6C750D21B8977EA00840B82 /* Slider1.xib in Resources */ = {isa = PBXBuildFile; fileRef = A6C750D01B8977EA00840B82 /* Slider1.xib */; };
		A6C750D81B89796700840B82 /* slider1-bg.jpg in Resources */ = {isa = PBXBuildFile; fileRef = A6C750D31B89796700840B82 /* slider1-bg.jpg */; };
		A6C750D91B89796700840B82 /* slider1-screen-bg.jpg in Resources */ = {isa = PBXBuildFile; fileRef = A6C750D41B89796700840B82 /* slider1-screen-bg.jpg */; };
		A6C750DA1B89796700840B82 /* slider1-slider-bg.jpg in Resources */ = {isa = PBXBuildFile; fileRef = A6C750D51B89796700840B82 /* slider1-slider-bg.jpg */; };
		A6C750DB1B89796700840B82 /* slider1-thumb.png in Resources */ = {isa = PBXBuildFile; fileRef = A6C750D61B89796700840B82 /* slider1-thumb.png */; };
		A6C750DC1B89796700840B82 /* slider1-track.png in Resources */ = {isa = PBXBuildFile; fileRef = A6C750D71B89796700840B82 /* slider1-track.png */; };
		A6DCD9EC1B7767F7007EC157 /* main.m in Sources */ = {isa = PBXBuildFile; fileRef = A6DCD9EB1B7767F7007EC157 /* main.m */; };
		A6DCD9F71B7767F7007EC157 /* Images.xcassets in Resources */ = {isa = PBXBuildFile; fileRef = A6DCD9F61B7767F7007EC157 /* Images.xcassets */; };
		A6DCD9FA1B7767F8007EC157 /* LaunchScreen.xib in Resources */ = {isa = PBXBuildFile; fileRef = A6DCD9F81B7767F7007EC157 /* LaunchScreen.xib */; };
		A6DCDA061B7767F8007EC157 /* DemoUIViewTests.m in Sources */ = {isa = PBXBuildFile; fileRef = A6DCDA051B7767F8007EC157 /* DemoUIViewTests.m */; };
		A6DCDA191B776891007EC157 /* AppDelegate.m in Sources */ = {isa = PBXBuildFile; fileRef = A6DCDA121B776891007EC157 /* AppDelegate.m */; };
		A6DCDA1A1B776891007EC157 /* BootLogic.m in Sources */ = {isa = PBXBuildFile; fileRef = A6DCDA141B776891007EC157 /* BootLogic.m */; };
		A6DCDA1B1B776891007EC157 /* ConsoleScreen.m in Sources */ = {isa = PBXBuildFile; fileRef = A6DCDA161B776891007EC157 /* ConsoleScreen.m */; };
		A6DCDA1C1B776891007EC157 /* MainScreen.m in Sources */ = {isa = PBXBuildFile; fileRef = A6DCDA181B776891007EC157 /* MainScreen.m */; };
		A6DCDA201B7768AE007EC157 /* DemoSlider.m in Sources */ = {isa = PBXBuildFile; fileRef = A6DCDA1E1B7768AE007EC157 /* DemoSlider.m */; };
		A6DCDA211B7768AE007EC157 /* DemoSlider.xib in Resources */ = {isa = PBXBuildFile; fileRef = A6DCDA1F1B7768AE007EC157 /* DemoSlider.xib */; };
		A6FFD69F1B838772001ACEDA /* CaptionSlider.m in Sources */ = {isa = PBXBuildFile; fileRef = A6FFD69E1B838772001ACEDA /* CaptionSlider.m */; };
/* End PBXBuildFile section */

/* Begin PBXContainerItemProxy section */
		A6DCDA001B7767F8007EC157 /* PBXContainerItemProxy */ = {
			isa = PBXContainerItemProxy;
			containerPortal = A6DCD9DE1B7767F7007EC157 /* Project object */;
			proxyType = 1;
			remoteGlobalIDString = A6DCD9E51B7767F7007EC157;
			remoteInfo = DemoUIView;
		};
/* End PBXContainerItemProxy section */

/* Begin PBXFileReference section */
		A60833031B7F310F00AD382F /* slider2-runtrack.jpg */ = {isa = PBXFileReference; lastKnownFileType = image.jpeg; path = "slider2-runtrack.jpg"; sourceTree = "<group>"; };
		A60833041B7F310F00AD382F /* slider2-screen-bg.jpg */ = {isa = PBXFileReference; lastKnownFileType = image.jpeg; path = "slider2-screen-bg.jpg"; sourceTree = "<group>"; };
		A60833061B7F310F00AD382F /* slider2-timerun.jpg */ = {isa = PBXFileReference; lastKnownFileType = image.jpeg; path = "slider2-timerun.jpg"; sourceTree = "<group>"; };
		A6252CDE1B8A0B6800656DAC /* slider2-caption-maxtrack.png */ = {isa = PBXFileReference; lastKnownFileType = image.png; path = "slider2-caption-maxtrack.png"; sourceTree = "<group>"; };
		A6252CE01B8A0BA600656DAC /* slider2-maxtrack.png */ = {isa = PBXFileReference; lastKnownFileType = image.png; path = "slider2-maxtrack.png"; sourceTree = "<group>"; };
		A699F0121B8985FB00F52B56 /* slider2-thumb-value-bg.png */ = {isa = PBXFileReference; lastKnownFileType = image.png; path = "slider2-thumb-value-bg.png"; sourceTree = "<group>"; };
		A699F0131B8985FB00F52B56 /* slider2-thumb.png */ = {isa = PBXFileReference; lastKnownFileType = image.png; path = "slider2-thumb.png"; sourceTree = "<group>"; };
		A699F0161B898C6C00F52B56 /* slider2-mintrack.png */ = {isa = PBXFileReference; lastKnownFileType = image.png; path = "slider2-mintrack.png"; sourceTree = "<group>"; };
		A6C750C91B8976D000840B82 /* Slider2.h */ = {isa = PBXFileReference; fileEncoding = 4; lastKnownFileType = sourcecode.c.h; path = Slider2.h; sourceTree = "<group>"; };
		A6C750CA1B8976D000840B82 /* Slider2.m */ = {isa = PBXFileReference; fileEncoding = 4; lastKnownFileType = sourcecode.c.objc; path = Slider2.m; sourceTree = "<group>"; };
		A6C750CB1B8976D000840B82 /* Slider2.xib */ = {isa = PBXFileReference; fileEncoding = 4; lastKnownFileType = file.xib; path = Slider2.xib; sourceTree = "<group>"; };
		A6C750CE1B8977EA00840B82 /* Slider1.h */ = {isa = PBXFileReference; fileEncoding = 4; lastKnownFileType = sourcecode.c.h; path = Slider1.h; sourceTree = "<group>"; };
		A6C750CF1B8977EA00840B82 /* Slider1.m */ = {isa = PBXFileReference; fileEncoding = 4; lastKnownFileType = sourcecode.c.objc; path = Slider1.m; sourceTree = "<group>"; };
		A6C750D01B8977EA00840B82 /* Slider1.xib */ = {isa = PBXFileReference; fileEncoding = 4; lastKnownFileType = file.xib; path = Slider1.xib; sourceTree = "<group>"; };
		A6C750D31B89796700840B82 /* slider1-bg.jpg */ = {isa = PBXFileReference; lastKnownFileType = image.jpeg; path = "slider1-bg.jpg"; sourceTree = "<group>"; };
		A6C750D41B89796700840B82 /* slider1-screen-bg.jpg */ = {isa = PBXFileReference; lastKnownFileType = image.jpeg; path = "slider1-screen-bg.jpg"; sourceTree = "<group>"; };
		A6C750D51B89796700840B82 /* slider1-slider-bg.jpg */ = {isa = PBXFileReference; lastKnownFileType = image.jpeg; path = "slider1-slider-bg.jpg"; sourceTree = "<group>"; };
		A6C750D61B89796700840B82 /* slider1-thumb.png */ = {isa = PBXFileReference; lastKnownFileType = image.png; path = "slider1-thumb.png"; sourceTree = "<group>"; };
		A6C750D71B89796700840B82 /* slider1-track.png */ = {isa = PBXFileReference; lastKnownFileType = image.png; path = "slider1-track.png"; sourceTree = "<group>"; };
		A6DCD9E61B7767F7007EC157 /* DemoUIView.app */ = {isa = PBXFileReference; explicitFileType = wrapper.application; includeInIndex = 0; path = DemoUIView.app; sourceTree = BUILT_PRODUCTS_DIR; };
		A6DCD9EA1B7767F7007EC157 /* Info.plist */ = {isa = PBXFileReference; lastKnownFileType = text.plist.xml; path = Info.plist; sourceTree = "<group>"; };
		A6DCD9EB1B7767F7007EC157 /* main.m */ = {isa = PBXFileReference; lastKnownFileType = sourcecode.c.objc; path = main.m; sourceTree = "<group>"; };
		A6DCD9F61B7767F7007EC157 /* Images.xcassets */ = {isa = PBXFileReference; lastKnownFileType = folder.assetcatalog; path = Images.xcassets; sourceTree = "<group>"; };
		A6DCD9F91B7767F7007EC157 /* Base */ = {isa = PBXFileReference; lastKnownFileType = file.xib; name = Base; path = Base.lproj/LaunchScreen.xib; sourceTree = "<group>"; };
		A6DCD9FF1B7767F8007EC157 /* DemoUIViewTests.xctest */ = {isa = PBXFileReference; explicitFileType = wrapper.cfbundle; includeInIndex = 0; path = DemoUIViewTests.xctest; sourceTree = BUILT_PRODUCTS_DIR; };
		A6DCDA041B7767F8007EC157 /* Info.plist */ = {isa = PBXFileReference; lastKnownFileType = text.plist.xml; path = Info.plist; sourceTree = "<group>"; };
		A6DCDA051B7767F8007EC157 /* DemoUIViewTests.m */ = {isa = PBXFileReference; lastKnownFileType = sourcecode.c.objc; path = DemoUIViewTests.m; sourceTree = "<group>"; };
		A6DCDA111B776891007EC157 /* AppDelegate.h */ = {isa = PBXFileReference; fileEncoding = 4; lastKnownFileType = sourcecode.c.h; path = AppDelegate.h; sourceTree = "<group>"; };
		A6DCDA121B776891007EC157 /* AppDelegate.m */ = {isa = PBXFileReference; fileEncoding = 4; lastKnownFileType = sourcecode.c.objc; path = AppDelegate.m; sourceTree = "<group>"; };
		A6DCDA131B776891007EC157 /* BootLogic.h */ = {isa = PBXFileReference; fileEncoding = 4; lastKnownFileType = sourcecode.c.h; path = BootLogic.h; sourceTree = "<group>"; };
		A6DCDA141B776891007EC157 /* BootLogic.m */ = {isa = PBXFileReference; fileEncoding = 4; lastKnownFileType = sourcecode.c.objc; path = BootLogic.m; sourceTree = "<group>"; };
		A6DCDA151B776891007EC157 /* ConsoleScreen.h */ = {isa = PBXFileReference; fileEncoding = 4; lastKnownFileType = sourcecode.c.h; path = ConsoleScreen.h; sourceTree = "<group>"; };
		A6DCDA161B776891007EC157 /* ConsoleScreen.m */ = {isa = PBXFileReference; fileEncoding = 4; lastKnownFileType = sourcecode.c.objc; path = ConsoleScreen.m; sourceTree = "<group>"; };
		A6DCDA171B776891007EC157 /* MainScreen.h */ = {isa = PBXFileReference; fileEncoding = 4; lastKnownFileType = sourcecode.c.h; path = MainScreen.h; sourceTree = "<group>"; };
		A6DCDA181B776891007EC157 /* MainScreen.m */ = {isa = PBXFileReference; fileEncoding = 4; lastKnownFileType = sourcecode.c.objc; path = MainScreen.m; sourceTree = "<group>"; };
		A6DCDA1D1B7768AE007EC157 /* DemoSlider.h */ = {isa = PBXFileReference; fileEncoding = 4; lastKnownFileType = sourcecode.c.h; path = DemoSlider.h; sourceTree = "<group>"; };
		A6DCDA1E1B7768AE007EC157 /* DemoSlider.m */ = {isa = PBXFileReference; fileEncoding = 4; lastKnownFileType = sourcecode.c.objc; path = DemoSlider.m; sourceTree = "<group>"; };
		A6DCDA1F1B7768AE007EC157 /* DemoSlider.xib */ = {isa = PBXFileReference; fileEncoding = 4; lastKnownFileType = file.xib; path = DemoSlider.xib; sourceTree = "<group>"; };
		A6FFD69D1B838772001ACEDA /* CaptionSlider.h */ = {isa = PBXFileReference; fileEncoding = 4; lastKnownFileType = sourcecode.c.h; path = CaptionSlider.h; sourceTree = "<group>"; };
		A6FFD69E1B838772001ACEDA /* CaptionSlider.m */ = {isa = PBXFileReference; fileEncoding = 4; lastKnownFileType = sourcecode.c.objc; path = CaptionSlider.m; sourceTree = "<group>"; };
/* End PBXFileReference section */

/* Begin PBXFrameworksBuildPhase section */
		A6DCD9E31B7767F7007EC157 /* Frameworks */ = {
			isa = PBXFrameworksBuildPhase;
			buildActionMask = 2147483647;
			files = (
			);
			runOnlyForDeploymentPostprocessing = 0;
		};
		A6DCD9FC1B7767F8007EC157 /* Frameworks */ = {
			isa = PBXFrameworksBuildPhase;
			buildActionMask = 2147483647;
			files = (
			);
			runOnlyForDeploymentPostprocessing = 0;
		};
/* End PBXFrameworksBuildPhase section */

/* Begin PBXGroup section */
		A63CD6641B7A560A00A28F76 /* Images */ = {
			isa = PBXGroup;
			children = (
				A6C750D31B89796700840B82 /* slider1-bg.jpg */,
				A6C750D41B89796700840B82 /* slider1-screen-bg.jpg */,
				A6C750D51B89796700840B82 /* slider1-slider-bg.jpg */,
				A6C750D61B89796700840B82 /* slider1-thumb.png */,
				A6C750D71B89796700840B82 /* slider1-track.png */,
				A6252CDE1B8A0B6800656DAC /* slider2-caption-maxtrack.png */,
				A6252CE01B8A0BA600656DAC /* slider2-maxtrack.png */,
				A699F0161B898C6C00F52B56 /* slider2-mintrack.png */,
				A60833031B7F310F00AD382F /* slider2-runtrack.jpg */,
				A60833041B7F310F00AD382F /* slider2-screen-bg.jpg */,
				A699F0121B8985FB00F52B56 /* slider2-thumb-value-bg.png */,
				A699F0131B8985FB00F52B56 /* slider2-thumb.png */,
				A60833061B7F310F00AD382F /* slider2-timerun.jpg */,
			);
			name = Images;
			sourceTree = "<group>";
		};
		A6DCD9DD1B7767F7007EC157 = {
			isa = PBXGroup;
			children = (
				A6DCD9E81B7767F7007EC157 /* DemoUIView */,
				A6DCDA021B7767F8007EC157 /* DemoUIViewTests */,
				A6DCD9E71B7767F7007EC157 /* Products */,
			);
			sourceTree = "<group>";
		};
		A6DCD9E71B7767F7007EC157 /* Products */ = {
			isa = PBXGroup;
			children = (
				A6DCD9E61B7767F7007EC157 /* DemoUIView.app */,
				A6DCD9FF1B7767F8007EC157 /* DemoUIViewTests.xctest */,
			);
			name = Products;
			sourceTree = "<group>";
		};
		A6DCD9E81B7767F7007EC157 /* DemoUIView */ = {
			isa = PBXGroup;
			children = (
				A63CD6641B7A560A00A28F76 /* Images */,
				A6DCDA101B77682F007EC157 /* Basic */,
				A6DCDA0F1B776828007EC157 /* Core */,
				A6DCD9F61B7767F7007EC157 /* Images.xcassets */,
				A6DCD9F81B7767F7007EC157 /* LaunchScreen.xib */,
				A6DCD9E91B7767F7007EC157 /* Supporting Files */,
			);
			path = DemoUIView;
			sourceTree = "<group>";
		};
		A6DCD9E91B7767F7007EC157 /* Supporting Files */ = {
			isa = PBXGroup;
			children = (
				A6DCD9EA1B7767F7007EC157 /* Info.plist */,
				A6DCD9EB1B7767F7007EC157 /* main.m */,
			);
			name = "Supporting Files";
			sourceTree = "<group>";
		};
		A6DCDA021B7767F8007EC157 /* DemoUIViewTests */ = {
			isa = PBXGroup;
			children = (
				A6DCDA051B7767F8007EC157 /* DemoUIViewTests.m */,
				A6DCDA031B7767F8007EC157 /* Supporting Files */,
			);
			path = DemoUIViewTests;
			sourceTree = "<group>";
		};
		A6DCDA031B7767F8007EC157 /* Supporting Files */ = {
			isa = PBXGroup;
			children = (
				A6DCDA041B7767F8007EC157 /* Info.plist */,
			);
			name = "Supporting Files";
			sourceTree = "<group>";
		};
		A6DCDA0F1B776828007EC157 /* Core */ = {
			isa = PBXGroup;
			children = (
				A6DCDA111B776891007EC157 /* AppDelegate.h */,
				A6DCDA121B776891007EC157 /* AppDelegate.m */,
				A6DCDA131B776891007EC157 /* BootLogic.h */,
				A6DCDA141B776891007EC157 /* BootLogic.m */,
				A6DCDA151B776891007EC157 /* ConsoleScreen.h */,
				A6DCDA161B776891007EC157 /* ConsoleScreen.m */,
				A6DCDA171B776891007EC157 /* MainScreen.h */,
				A6DCDA181B776891007EC157 /* MainScreen.m */,
			);
			name = Core;
			sourceTree = "<group>";
		};
		A6DCDA101B77682F007EC157 /* Basic */ = {
			isa = PBXGroup;
			children = (
				A6DCDA1D1B7768AE007EC157 /* DemoSlider.h */,
				A6DCDA1E1B7768AE007EC157 /* DemoSlider.m */,
				A6DCDA1F1B7768AE007EC157 /* DemoSlider.xib */,
				A6FFD69D1B838772001ACEDA /* CaptionSlider.h */,
				A6FFD69E1B838772001ACEDA /* CaptionSlider.m */,
				A6C750C91B8976D000840B82 /* Slider2.h */,
				A6C750CA1B8976D000840B82 /* Slider2.m */,
				A6C750CB1B8976D000840B82 /* Slider2.xib */,
				A6C750CE1B8977EA00840B82 /* Slider1.h */,
				A6C750CF1B8977EA00840B82 /* Slider1.m */,
				A6C750D01B8977EA00840B82 /* Slider1.xib */,
			);
			name = Basic;
			sourceTree = "<group>";
		};
/* End PBXGroup section */

/* Begin PBXNativeTarget section */
		A6DCD9E51B7767F7007EC157 /* DemoUIView */ = {
			isa = PBXNativeTarget;
			buildConfigurationList = A6DCDA091B7767F8007EC157 /* Build configuration list for PBXNativeTarget "DemoUIView" */;
			buildPhases = (
				A6DCD9E21B7767F7007EC157 /* Sources */,
				A6DCD9E31B7767F7007EC157 /* Frameworks */,
				A6DCD9E41B7767F7007EC157 /* Resources */,
			);
			buildRules = (
			);
			dependencies = (
			);
			name = DemoUIView;
			productName = DemoUIView;
			productReference = A6DCD9E61B7767F7007EC157 /* DemoUIView.app */;
			productType = "com.apple.product-type.application";
		};
		A6DCD9FE1B7767F8007EC157 /* DemoUIViewTests */ = {
			isa = PBXNativeTarget;
			buildConfigurationList = A6DCDA0C1B7767F8007EC157 /* Build configuration list for PBXNativeTarget "DemoUIViewTests" */;
			buildPhases = (
				A6DCD9FB1B7767F8007EC157 /* Sources */,
				A6DCD9FC1B7767F8007EC157 /* Frameworks */,
				A6DCD9FD1B7767F8007EC157 /* Resources */,
			);
			buildRules = (
			);
			dependencies = (
				A6DCDA011B7767F8007EC157 /* PBXTargetDependency */,
			);
			name = DemoUIViewTests;
			productName = DemoUIViewTests;
			productReference = A6DCD9FF1B7767F8007EC157 /* DemoUIViewTests.xctest */;
			productType = "com.apple.product-type.bundle.unit-test";
		};
/* End PBXNativeTarget section */

/* Begin PBXProject section */
		A6DCD9DE1B7767F7007EC157 /* Project object */ = {
			isa = PBXProject;
			attributes = {
				LastUpgradeCheck = 0640;
				ORGANIZATIONNAME = duphungcong;
				TargetAttributes = {
					A6DCD9E51B7767F7007EC157 = {
						CreatedOnToolsVersion = 6.4;
					};
					A6DCD9FE1B7767F8007EC157 = {
						CreatedOnToolsVersion = 6.4;
						TestTargetID = A6DCD9E51B7767F7007EC157;
					};
				};
			};
			buildConfigurationList = A6DCD9E11B7767F7007EC157 /* Build configuration list for PBXProject "DemoUIView" */;
			compatibilityVersion = "Xcode 3.2";
			developmentRegion = English;
			hasScannedForEncodings = 0;
			knownRegions = (
				en,
				Base,
			);
			mainGroup = A6DCD9DD1B7767F7007EC157;
			productRefGroup = A6DCD9E71B7767F7007EC157 /* Products */;
			projectDirPath = "";
			projectRoot = "";
			targets = (
				A6DCD9E51B7767F7007EC157 /* DemoUIView */,
				A6DCD9FE1B7767F8007EC157 /* DemoUIViewTests */,
			);
		};
/* End PBXProject section */

/* Begin PBXResourcesBuildPhase section */
		A6DCD9E41B7767F7007EC157 /* Resources */ = {
			isa = PBXResourcesBuildPhase;
			buildActionMask = 2147483647;
			files = (
				A608330A1B7F310F00AD382F /* slider2-runtrack.jpg in Resources */,
				A6DCD9FA1B7767F8007EC157 /* LaunchScreen.xib in Resources */,
				A6DCDA211B7768AE007EC157 /* DemoSlider.xib in Resources */,
				A6DCD9F71B7767F7007EC157 /* Images.xcassets in Resources */,
				A699F0151B8985FB00F52B56 /* slider2-thumb.png in Resources */,
				A6C750D91B89796700840B82 /* slider1-screen-bg.jpg in Resources */,
				A6C750DB1B89796700840B82 /* slider1-thumb.png in Resources */,
				A6252CE11B8A0BA600656DAC /* slider2-maxtrack.png in Resources */,
				A6252CDF1B8A0B6800656DAC /* slider2-caption-maxtrack.png in Resources */,
				A699F0141B8985FB00F52B56 /* slider2-thumb-value-bg.png in Resources */,
				A6C750D81B89796700840B82 /* slider1-bg.jpg in Resources */,
				A608330B1B7F310F00AD382F /* slider2-screen-bg.jpg in Resources */,
				A608330D1B7F310F00AD382F /* slider2-timerun.jpg in Resources */,
				A699F0171B898C6C00F52B56 /* slider2-mintrack.png in Resources */,
				A6C750DA1B89796700840B82 /* slider1-slider-bg.jpg in Resources */,
				A6C750D21B8977EA00840B82 /* Slider1.xib in Resources */,
				A6C750DC1B89796700840B82 /* slider1-track.png in Resources */,
				A6C750CD1B8976D000840B82 /* Slider2.xib in Resources */,
			);
			runOnlyForDeploymentPostprocessing = 0;
		};
		A6DCD9FD1B7767F8007EC157 /* Resources */ = {
			isa = PBXResourcesBuildPhase;
			buildActionMask = 2147483647;
			files = (
			);
			runOnlyForDeploymentPostprocessing = 0;
		};
/* End PBXResourcesBuildPhase section */

/* Begin PBXSourcesBuildPhase section */
		A6DCD9E21B7767F7007EC157 /* Sources */ = {
			isa = PBXSourcesBuildPhase;
			buildActionMask = 2147483647;
			files = (
				A6DCDA1A1B776891007EC157 /* BootLogic.m in Sources */,
				A6C750CC1B8976D000840B82 /* Slider2.m in Sources */,
				A6DCDA201B7768AE007EC157 /* DemoSlider.m in Sources */,
				A6DCDA1C1B776891007EC157 /* MainScreen.m in Sources */,
				A6C750D11B8977EA00840B82 /* Slider1.m in Sources */,
				A6FFD69F1B838772001ACEDA /* CaptionSlider.m in Sources */,
				A6DCDA1B1B776891007EC157 /* ConsoleScreen.m in Sources */,
				A6DCDA191B776891007EC157 /* AppDelegate.m in Sources */,
				A6DCD9EC1B7767F7007EC157 /* main.m in Sources */,
			);
			runOnlyForDeploymentPostprocessing = 0;
		};
		A6DCD9FB1B7767F8007EC157 /* Sources */ = {
			isa = PBXSourcesBuildPhase;
			buildActionMask = 2147483647;
			files = (
				A6DCDA061B7767F8007EC157 /* DemoUIViewTests.m in Sources */,
			);
			runOnlyForDeploymentPostprocessing = 0;
		};
/* End PBXSourcesBuildPhase section */

/* Begin PBXTargetDependency section */
		A6DCDA011B7767F8007EC157 /* PBXTargetDependency */ = {
			isa = PBXTargetDependency;
			target = A6DCD9E51B7767F7007EC157 /* DemoUIView */;
			targetProxy = A6DCDA001B7767F8007EC157 /* PBXContainerItemProxy */;
		};
/* End PBXTargetDependency section */

/* Begin PBXVariantGroup section */
		A6DCD9F81B7767F7007EC157 /* LaunchScreen.xib */ = {
			isa = PBXVariantGroup;
			children = (
				A6DCD9F91B7767F7007EC157 /* Base */,
			);
			name = LaunchScreen.xib;
			sourceTree = "<group>";
		};
/* End PBXVariantGroup section */

/* Begin XCBuildConfiguration section */
		A6DCDA071B7767F8007EC157 /* Debug */ = {
			isa = XCBuildConfiguration;
			buildSettings = {
				ALWAYS_SEARCH_USER_PATHS = NO;
				CLANG_CXX_LANGUAGE_STANDARD = "gnu++0x";
				CLANG_CXX_LIBRARY = "libc++";
				CLANG_ENABLE_MODULES = YES;
				CLANG_ENABLE_OBJC_ARC = YES;
				CLANG_WARN_BOOL_CONVERSION = YES;
				CLANG_WARN_CONSTANT_CONVERSION = YES;
				CLANG_WARN_DIRECT_OBJC_ISA_USAGE = YES_ERROR;
				CLANG_WARN_EMPTY_BODY = YES;
				CLANG_WARN_ENUM_CONVERSION = YES;
				CLANG_WARN_INT_CONVERSION = YES;
				CLANG_WARN_OBJC_ROOT_CLASS = YES_ERROR;
				CLANG_WARN_UNREACHABLE_CODE = YES;
				CLANG_WARN__DUPLICATE_METHOD_MATCH = YES;
				"CODE_SIGN_IDENTITY[sdk=iphoneos*]" = "iPhone Developer";
				COPY_PHASE_STRIP = NO;
				DEBUG_INFORMATION_FORMAT = "dwarf-with-dsym";
				ENABLE_STRICT_OBJC_MSGSEND = YES;
				GCC_C_LANGUAGE_STANDARD = gnu99;
				GCC_DYNAMIC_NO_PIC = NO;
				GCC_NO_COMMON_BLOCKS = YES;
				GCC_OPTIMIZATION_LEVEL = 0;
				GCC_PREPROCESSOR_DEFINITIONS = (
					"DEBUG=1",
					"$(inherited)",
				);
				GCC_SYMBOLS_PRIVATE_EXTERN = NO;
				GCC_WARN_64_TO_32_BIT_CONVERSION = YES;
				GCC_WARN_ABOUT_RETURN_TYPE = YES_ERROR;
				GCC_WARN_UNDECLARED_SELECTOR = YES;
				GCC_WARN_UNINITIALIZED_AUTOS = YES_AGGRESSIVE;
				GCC_WARN_UNUSED_FUNCTION = YES;
				GCC_WARN_UNUSED_VARIABLE = YES;
				IPHONEOS_DEPLOYMENT_TARGET = 8.4;
				MTL_ENABLE_DEBUG_INFO = YES;
				ONLY_ACTIVE_ARCH = YES;
				SDKROOT = iphoneos;
			};
			name = Debug;
		};
		A6DCDA081B7767F8007EC157 /* Release */ = {
			isa = XCBuildConfiguration;
			buildSettings = {
				ALWAYS_SEARCH_USER_PATHS = NO;
				CLANG_CXX_LANGUAGE_STANDARD = "gnu++0x";
				CLANG_CXX_LIBRARY = "libc++";
				CLANG_ENABLE_MODULES = YES;
				CLANG_ENABLE_OBJC_ARC = YES;
				CLANG_WARN_BOOL_CONVERSION = YES;
				CLANG_WARN_CONSTANT_CONVERSION = YES;
				CLANG_WARN_DIRECT_OBJC_ISA_USAGE = YES_ERROR;
				CLANG_WARN_EMPTY_BODY = YES;
				CLANG_WARN_ENUM_CONVERSION = YES;
				CLANG_WARN_INT_CONVERSION = YES;
				CLANG_WARN_OBJC_ROOT_CLASS = YES_ERROR;
				CLANG_WARN_UNREACHABLE_CODE = YES;
				CLANG_WARN__DUPLICATE_METHOD_MATCH = YES;
				"CODE_SIGN_IDENTITY[sdk=iphoneos*]" = "iPhone Developer";
				COPY_PHASE_STRIP = NO;
				DEBUG_INFORMATION_FORMAT = "dwarf-with-dsym";
				ENABLE_NS_ASSERTIONS = NO;
				ENABLE_STRICT_OBJC_MSGSEND = YES;
				GCC_C_LANGUAGE_STANDARD = gnu99;
				GCC_NO_COMMON_BLOCKS = YES;
				GCC_WARN_64_TO_32_BIT_CONVERSION = YES;
				GCC_WARN_ABOUT_RETURN_TYPE = YES_ERROR;
				GCC_WARN_UNDECLARED_SELECTOR = YES;
				GCC_WARN_UNINITIALIZED_AUTOS = YES_AGGRESSIVE;
				GCC_WARN_UNUSED_FUNCTION = YES;
				GCC_WARN_UNUSED_VARIABLE = YES;
				IPHONEOS_DEPLOYMENT_TARGET = 8.4;
				MTL_ENABLE_DEBUG_INFO = NO;
				SDKROOT = iphoneos;
				VALIDATE_PRODUCT = YES;
			};
			name = Release;
		};
		A6DCDA0A1B7767F8007EC157 /* Debug */ = {
			isa = XCBuildConfiguration;
			buildSettings = {
				ASSETCATALOG_COMPILER_APPICON_NAME = AppIcon;
				INFOPLIST_FILE = DemoUIView/Info.plist;
				LD_RUNPATH_SEARCH_PATHS = "$(inherited) @executable_path/Frameworks";
				PRODUCT_NAME = "$(TARGET_NAME)";
			};
			name = Debug;
		};
		A6DCDA0B1B7767F8007EC157 /* Release */ = {
			isa = XCBuildConfiguration;
			buildSettings = {
				ASSETCATALOG_COMPILER_APPICON_NAME = AppIcon;
				INFOPLIST_FILE = DemoUIView/Info.plist;
				LD_RUNPATH_SEARCH_PATHS = "$(inherited) @executable_path/Frameworks";
				PRODUCT_NAME = "$(TARGET_NAME)";
			};
			name = Release;
		};
		A6DCDA0D1B7767F8007EC157 /* Debug */ = {
			isa = XCBuildConfiguration;
			buildSettings = {
				BUNDLE_LOADER = "$(TEST_HOST)";
				FRAMEWORK_SEARCH_PATHS = (
					"$(SDKROOT)/Developer/Library/Frameworks",
					"$(inherited)",
				);
				GCC_PREPROCESSOR_DEFINITIONS = (
					"DEBUG=1",
					"$(inherited)",
				);
				INFOPLIST_FILE = DemoUIViewTests/Info.plist;
				LD_RUNPATH_SEARCH_PATHS = "$(inherited) @executable_path/Frameworks @loader_path/Frameworks";
				PRODUCT_NAME = "$(TARGET_NAME)";
				TEST_HOST = "$(BUILT_PRODUCTS_DIR)/DemoUIView.app/DemoUIView";
			};
			name = Debug;
		};
		A6DCDA0E1B7767F8007EC157 /* Release */ = {
			isa = XCBuildConfiguration;
			buildSettings = {
				BUNDLE_LOADER = "$(TEST_HOST)";
				FRAMEWORK_SEARCH_PATHS = (
					"$(SDKROOT)/Developer/Library/Frameworks",
					"$(inherited)",
				);
				INFOPLIST_FILE = DemoUIViewTests/Info.plist;
				LD_RUNPATH_SEARCH_PATHS = "$(inherited) @executable_path/Frameworks @loader_path/Frameworks";
				PRODUCT_NAME = "$(TARGET_NAME)";
				TEST_HOST = "$(BUILT_PRODUCTS_DIR)/DemoUIView.app/DemoUIView";
			};
			name = Release;
		};
/* End XCBuildConfiguration section */

/* Begin XCConfigurationList section */
		A6DCD9E11B7767F7007EC157 /* Build configuration list for PBXProject "DemoUIView" */ = {
			isa = XCConfigurationList;
			buildConfigurations = (
				A6DCDA071B7767F8007EC157 /* Debug */,
				A6DCDA081B7767F8007EC157 /* Release */,
			);
			defaultConfigurationIsVisible = 0;
			defaultConfigurationName = Release;
		};
		A6DCDA091B7767F8007EC157 /* Build configuration list for PBXNativeTarget "DemoUIView" */ = {
			isa = XCConfigurationList;
			buildConfigurations = (
				A6DCDA0A1B7767F8007EC157 /* Debug */,
				A6DCDA0B1B7767F8007EC157 /* Release */,
			);
			defaultConfigurationIsVisible = 0;
			defaultConfigurationName = Release;
		};
		A6DCDA0C1B7767F8007EC157 /* Build configuration list for PBXNativeTarget "DemoUIViewTests" */ = {
			isa = XCConfigurationList;
			buildConfigurations = (
				A6DCDA0D1B7767F8007EC157 /* Debug */,
				A6DCDA0E1B7767F8007EC157 /* Release */,
			);
			defaultConfigurationIsVisible = 0;
			defaultConfigurationName = Release;
		};
/* End XCConfigurationList section */
	};
	rootObject = A6DCD9DE1B7767F7007EC157 /* Project object */;
}
